// !$*UTF8*$!
{
	archiveVersion = 1;
	classes = {
	};
	objectVersion = 46;
	objects = {

/* Begin PBXBuildFile section */
		184F48AF1A93321700C5C22F /* WebViewControllerViewModel.m in Sources */ = {isa = PBXBuildFile; fileRef = 184F48AE1A93321700C5C22F /* WebViewControllerViewModel.m */; };
		184F48B41A93340F00C5C22F /* WebBean.m in Sources */ = {isa = PBXBuildFile; fileRef = 184F48B31A93340F00C5C22F /* WebBean.m */; };
		185EEB4B1A98DC9900BFDB79 /* SettingTableViewController.m in Sources */ = {isa = PBXBuildFile; fileRef = 185EEB4A1A98DC9900BFDB79 /* SettingTableViewController.m */; };
		185EEB4F1A98E0BA00BFDB79 /* tabbar_setting.png in Resources */ = {isa = PBXBuildFile; fileRef = 185EEB4C1A98E0BA00BFDB79 /* tabbar_setting.png */; };
		185EEB501A98E0BA00BFDB79 /* tabbar_setting@2x.png in Resources */ = {isa = PBXBuildFile; fileRef = 185EEB4D1A98E0BA00BFDB79 /* tabbar_setting@2x.png */; };
		185EEB511A98E0BA00BFDB79 /* tabbar_setting@3x.png in Resources */ = {isa = PBXBuildFile; fileRef = 185EEB4E1A98E0BA00BFDB79 /* tabbar_setting@3x.png */; };
		187E96991AD6BED500D164FA /* NotificationCenterConstants.m in Sources */ = {isa = PBXBuildFile; fileRef = 187E96981AD6BED500D164FA /* NotificationCenterConstants.m */; };
		189EF8331A8399B100F19327 /* BlogBean.m in Sources */ = {isa = PBXBuildFile; fileRef = 189EF8321A8399B100F19327 /* BlogBean.m */; };
		189EF8361A839FC600F19327 /* JsonTools.m in Sources */ = {isa = PBXBuildFile; fileRef = 189EF8351A839FC600F19327 /* JsonTools.m */; };
		189EF83A1A83C3AF00F19327 /* BlogDetailViewController.m in Sources */ = {isa = PBXBuildFile; fileRef = 189EF8391A83C3AF00F19327 /* BlogDetailViewController.m */; };
		18A998931A7C77D0002E7219 /* NetWorkTools.m in Sources */ = {isa = PBXBuildFile; fileRef = 18A998921A7C77D0002E7219 /* NetWorkTools.m */; };
		18AB47951A99969600E4C030 /* VideoBean.m in Sources */ = {isa = PBXBuildFile; fileRef = 18AB47941A99969600E4C030 /* VideoBean.m */; };
		18AB479B1A9C59CB00E4C030 /* UIImage+Resize.m in Sources */ = {isa = PBXBuildFile; fileRef = 18AB479A1A9C59CB00E4C030 /* UIImage+Resize.m */; };
		18AB47AB1AA415A400E4C030 /* FavouriteBean.m in Sources */ = {isa = PBXBuildFile; fileRef = 18AB47AA1AA415A400E4C030 /* FavouriteBean.m */; };
		18B23B251A7A14D100E80854 /* main.m in Sources */ = {isa = PBXBuildFile; fileRef = 18B23B241A7A14D100E80854 /* main.m */; };
		18B23B281A7A14D100E80854 /* AppDelegate.m in Sources */ = {isa = PBXBuildFile; fileRef = 18B23B271A7A14D100E80854 /* AppDelegate.m */; };
		18B23B2B1A7A14D100E80854 /* BlogViewController.m in Sources */ = {isa = PBXBuildFile; fileRef = 18B23B2A1A7A14D100E80854 /* BlogViewController.m */; };
		18B23B2E1A7A14D100E80854 /* WebViewController.m in Sources */ = {isa = PBXBuildFile; fileRef = 18B23B2D1A7A14D100E80854 /* WebViewController.m */; };
		18B23B311A7A14D100E80854 /* Main.storyboard in Resources */ = {isa = PBXBuildFile; fileRef = 18B23B2F1A7A14D100E80854 /* Main.storyboard */; };
		18B23B331A7A14D100E80854 /* Images.xcassets in Resources */ = {isa = PBXBuildFile; fileRef = 18B23B321A7A14D100E80854 /* Images.xcassets */; };
		18B23B421A7A14D100E80854 /* iOSStudyTests.m in Sources */ = {isa = PBXBuildFile; fileRef = 18B23B411A7A14D100E80854 /* iOSStudyTests.m */; };
		18B23B4D1A7A234800E80854 /* BaseViewController.m in Sources */ = {isa = PBXBuildFile; fileRef = 18B23B4C1A7A234800E80854 /* BaseViewController.m */; };
		18C845091ACCFC690053884F /* HttpVersionTools.m in Sources */ = {isa = PBXBuildFile; fileRef = 18C845081ACCFC690053884F /* HttpVersionTools.m */; };
		18C8450C1ACD41C40053884F /* BlogJsonBean.m in Sources */ = {isa = PBXBuildFile; fileRef = 18C8450B1ACD41C40053884F /* BlogJsonBean.m */; };
		18C8450F1ACE3E580053884F /* CoreDataUtils.m in Sources */ = {isa = PBXBuildFile; fileRef = 18C8450E1ACE3E580053884F /* CoreDataUtils.m */; };
		18C845121ACE4A580053884F /* WelcomeViewController.m in Sources */ = {isa = PBXBuildFile; fileRef = 18C845111ACE4A580053884F /* WelcomeViewController.m */; };
		18C845151ACE56150053884F /* MainTabBarViewController.m in Sources */ = {isa = PBXBuildFile; fileRef = 18C845141ACE56150053884F /* MainTabBarViewController.m */; };
		18CB71211AD55BFD00D72204 /* libPushSDK-1.8.3.a in Frameworks */ = {isa = PBXBuildFile; fileRef = 18CB71201AD55BFD00D72204 /* libPushSDK-1.8.3.a */; };
		18CB71241AD56C2100D72204 /* CFNetwork.framework in Frameworks */ = {isa = PBXBuildFile; fileRef = 18CB71231AD56C2000D72204 /* CFNetwork.framework */; };
		18CB71261AD56C3000D72204 /* CoreFoundation.framework in Frameworks */ = {isa = PBXBuildFile; fileRef = 18CB71251AD56C3000D72204 /* CoreFoundation.framework */; };
		18CB71281AD56C4000D72204 /* CoreTelephony.framework in Frameworks */ = {isa = PBXBuildFile; fileRef = 18CB71271AD56C4000D72204 /* CoreTelephony.framework */; };
		18CB712A1AD56C6200D72204 /* libz.dylib in Frameworks */ = {isa = PBXBuildFile; fileRef = 18CB71291AD56C6200D72204 /* libz.dylib */; };
		18CB712C1AD570B200D72204 /* PushConfig.plist in Resources */ = {isa = PBXBuildFile; fileRef = 18CB712B1AD570B200D72204 /* PushConfig.plist */; };
		18CECC0A1A91ACB7005598E4 /* BlogViewControllerViewModel.m in Sources */ = {isa = PBXBuildFile; fileRef = 18CECC091A91ACB7005598E4 /* BlogViewControllerViewModel.m */; };
		18D184821AD28D1900188C3C /* FavouriteTableViewController.m in Sources */ = {isa = PBXBuildFile; fileRef = 18D184811AD28D1900188C3C /* FavouriteTableViewController.m */; };
		18D184851AD2904900188C3C /* FavouriteViewControllerViewModel.m in Sources */ = {isa = PBXBuildFile; fileRef = 18D184841AD2904900188C3C /* FavouriteViewControllerViewModel.m */; };
		18D184871AD2E0B700188C3C /* MessageUI.framework in Frameworks */ = {isa = PBXBuildFile; fileRef = 18D184861AD2E0B700188C3C /* MessageUI.framework */; };
		18D201161A95A6F400D5F095 /* icon_29.png in Resources */ = {isa = PBXBuildFile; fileRef = 18D2010D1A95A6F400D5F095 /* icon_29.png */; };
		18D201171A95A6F400D5F095 /* icon_40.png in Resources */ = {isa = PBXBuildFile; fileRef = 18D2010E1A95A6F400D5F095 /* icon_40.png */; };
		18D201181A95A6F400D5F095 /* icon_58.png in Resources */ = {isa = PBXBuildFile; fileRef = 18D2010F1A95A6F400D5F095 /* icon_58.png */; };
		18D201191A95A6F400D5F095 /* icon_76.png in Resources */ = {isa = PBXBuildFile; fileRef = 18D201101A95A6F400D5F095 /* icon_76.png */; };
		18D2011A1A95A6F400D5F095 /* icon_80.png in Resources */ = {isa = PBXBuildFile; fileRef = 18D201111A95A6F400D5F095 /* icon_80.png */; };
		18D2011B1A95A6F400D5F095 /* icon_87.png in Resources */ = {isa = PBXBuildFile; fileRef = 18D201121A95A6F400D5F095 /* icon_87.png */; };
		18D2011C1A95A6F400D5F095 /* icon_120.png in Resources */ = {isa = PBXBuildFile; fileRef = 18D201131A95A6F400D5F095 /* icon_120.png */; };
		18D2011D1A95A6F400D5F095 /* icon_152.png in Resources */ = {isa = PBXBuildFile; fileRef = 18D201141A95A6F400D5F095 /* icon_152.png */; };
		18D2011E1A95A6F400D5F095 /* icon_180.png in Resources */ = {isa = PBXBuildFile; fileRef = 18D201151A95A6F400D5F095 /* icon_180.png */; };
		18D201221A95A70900D5F095 /* tabbar_blog.png in Resources */ = {isa = PBXBuildFile; fileRef = 18D2011F1A95A70900D5F095 /* tabbar_blog.png */; };
		18D201231A95A70900D5F095 /* tabbar_blog@2x.png in Resources */ = {isa = PBXBuildFile; fileRef = 18D201201A95A70900D5F095 /* tabbar_blog@2x.png */; };
		18D201241A95A70900D5F095 /* tabbar_blog@3x.png in Resources */ = {isa = PBXBuildFile; fileRef = 18D201211A95A70900D5F095 /* tabbar_blog@3x.png */; };
		18D2012B1A95A9D600D5F095 /* tabbar_video.png in Resources */ = {isa = PBXBuildFile; fileRef = 18D201251A95A9D600D5F095 /* tabbar_video.png */; };
		18D2012C1A95A9D600D5F095 /* tabbar_video@2x.png in Resources */ = {isa = PBXBuildFile; fileRef = 18D201261A95A9D600D5F095 /* tabbar_video@2x.png */; };
		18D2012D1A95A9D600D5F095 /* tabbar_video@3x.png in Resources */ = {isa = PBXBuildFile; fileRef = 18D201271A95A9D600D5F095 /* tabbar_video@3x.png */; };
		18D2012E1A95A9D600D5F095 /* tabbar_web.png in Resources */ = {isa = PBXBuildFile; fileRef = 18D201281A95A9D600D5F095 /* tabbar_web.png */; };
		18D2012F1A95A9D600D5F095 /* tabbar_web@2x.png in Resources */ = {isa = PBXBuildFile; fileRef = 18D201291A95A9D600D5F095 /* tabbar_web@2x.png */; };
		18D201301A95A9D600D5F095 /* tabbar_web@3x.png in Resources */ = {isa = PBXBuildFile; fileRef = 18D2012A1A95A9D600D5F095 /* tabbar_web@3x.png */; };
		18D201421A96143300D5F095 /* VideoViewControllerViewModel.m in Sources */ = {isa = PBXBuildFile; fileRef = 18D201411A96143300D5F095 /* VideoViewControllerViewModel.m */; };
		18D4ECA61AD17F56009FE9F0 /* EntityConstants.m in Sources */ = {isa = PBXBuildFile; fileRef = 18D4ECA51AD17F56009FE9F0 /* EntityConstants.m */; };
		18D908A71A8A205600B42A42 /* VideoTableViewController.m in Sources */ = {isa = PBXBuildFile; fileRef = 18D908A61A8A205600B42A42 /* VideoTableViewController.m */; };
		18DF6D3D1A80D3BC005751E8 /* Reachability.m in Sources */ = {isa = PBXBuildFile; fileRef = 18DF6D3C1A80D3BC005751E8 /* Reachability.m */; };
		18DF6D3F1A80D40D005751E8 /* SystemConfiguration.framework in Frameworks */ = {isa = PBXBuildFile; fileRef = 18DF6D3E1A80D40D005751E8 /* SystemConfiguration.framework */; };
		18E016AA1ACAA898002A6E59 /* CoreData.framework in Frameworks */ = {isa = PBXBuildFile; fileRef = 18E016A91ACAA898002A6E59 /* CoreData.framework */; };
		18E016E51ACAAB35002A6E59 /* iOSStudy.xcdatamodeld in Sources */ = {isa = PBXBuildFile; fileRef = 18E016E31ACAAB35002A6E59 /* iOSStudy.xcdatamodeld */; };
		18E2796A1AD61AD50056CC5F /* iRate.bundle in Resources */ = {isa = PBXBuildFile; fileRef = 18E279671AD61AD50056CC5F /* iRate.bundle */; };
		18E2796B1AD61AD50056CC5F /* iRate.m in Sources */ = {isa = PBXBuildFile; fileRef = 18E279691AD61AD50056CC5F /* iRate.m */; };
		18E2796E1AD6206F0056CC5F /* LicenesViewController.m in Sources */ = {isa = PBXBuildFile; fileRef = 18E2796D1AD6206F0056CC5F /* LicenesViewController.m */; };
		18E279711AD62CD80056CC5F /* licenes.html in Resources */ = {isa = PBXBuildFile; fileRef = 18E279701AD62CD80056CC5F /* licenes.html */; };
		18E3600A1AD67BB500A077B2 /* STBaseTableViewCell.m in Sources */ = {isa = PBXBuildFile; fileRef = 18E360081AD67BB500A077B2 /* STBaseTableViewCell.m */; };
		18E3600B1AD67BB500A077B2 /* STBaseTableViewCell.xib in Resources */ = {isa = PBXBuildFile; fileRef = 18E360091AD67BB500A077B2 /* STBaseTableViewCell.xib */; };
		18E6A0B51ACCF7FD00B28D32 /* VersionBean.m in Sources */ = {isa = PBXBuildFile; fileRef = 18E6A0B41ACCF7FD00B28D32 /* VersionBean.m */; };
		18EC479E1AD773A200C397E5 /* WelcomeTools.m in Sources */ = {isa = PBXBuildFile; fileRef = 18EC479D1AD773A200C397E5 /* WelcomeTools.m */; };
		18EC47A81AD7949100C397E5 /* img_640x960.png in Resources */ = {isa = PBXBuildFile; fileRef = 18EC479F1AD7949100C397E5 /* img_640x960.png */; };
		18EC47A91AD7949100C397E5 /* img_640x1136.png in Resources */ = {isa = PBXBuildFile; fileRef = 18EC47A01AD7949100C397E5 /* img_640x1136.png */; };
		18EC47AA1AD7949100C397E5 /* img_750x1334.png in Resources */ = {isa = PBXBuildFile; fileRef = 18EC47A11AD7949100C397E5 /* img_750x1334.png */; };
		18EC47AB1AD7949100C397E5 /* img_768x1024.png in Resources */ = {isa = PBXBuildFile; fileRef = 18EC47A21AD7949100C397E5 /* img_768x1024.png */; };
		18EC47AC1AD7949100C397E5 /* img_1024x768.png in Resources */ = {isa = PBXBuildFile; fileRef = 18EC47A31AD7949100C397E5 /* img_1024x768.png */; };
		18EC47AD1AD7949100C397E5 /* img_1242x2208.png in Resources */ = {isa = PBXBuildFile; fileRef = 18EC47A41AD7949100C397E5 /* img_1242x2208.png */; };
		18EC47AE1AD7949100C397E5 /* img_1536x2048.png in Resources */ = {isa = PBXBuildFile; fileRef = 18EC47A51AD7949100C397E5 /* img_1536x2048.png */; };
		18EC47AF1AD7949100C397E5 /* img_2048x1536.png in Resources */ = {isa = PBXBuildFile; fileRef = 18EC47A61AD7949100C397E5 /* img_2048x1536.png */; };
		18EC47B01AD7949100C397E5 /* img_2208x1242.png in Resources */ = {isa = PBXBuildFile; fileRef = 18EC47A71AD7949100C397E5 /* img_2208x1242.png */; };
		18EC47B91AD7AE3200C397E5 /* welcome_bg.png in Resources */ = {isa = PBXBuildFile; fileRef = 18EC47B71AD7AE3200C397E5 /* welcome_bg.png */; };
		18EC47BA1AD7AE3200C397E5 /* welcome_icon.png in Resources */ = {isa = PBXBuildFile; fileRef = 18EC47B81AD7AE3200C397E5 /* welcome_icon.png */; };
		18EC47BE1AD7C22300C397E5 /* about_us.html in Resources */ = {isa = PBXBuildFile; fileRef = 18EC47BD1AD7C22300C397E5 /* about_us.html */; };
		18EC47D41AD7C62F00C397E5 /* anim_01.png in Resources */ = {isa = PBXBuildFile; fileRef = 18EC47C01AD7C62F00C397E5 /* anim_01.png */; };
		18EC47D51AD7C62F00C397E5 /* anim_02.png in Resources */ = {isa = PBXBuildFile; fileRef = 18EC47C11AD7C62F00C397E5 /* anim_02.png */; };
		18EC47D61AD7C62F00C397E5 /* anim_03.png in Resources */ = {isa = PBXBuildFile; fileRef = 18EC47C21AD7C62F00C397E5 /* anim_03.png */; };
		18EC47D71AD7C62F00C397E5 /* anim_04.png in Resources */ = {isa = PBXBuildFile; fileRef = 18EC47C31AD7C62F00C397E5 /* anim_04.png */; };
		18EC47D81AD7C62F00C397E5 /* anim_05.png in Resources */ = {isa = PBXBuildFile; fileRef = 18EC47C41AD7C62F00C397E5 /* anim_05.png */; };
		18EC47D91AD7C62F00C397E5 /* anim_06.png in Resources */ = {isa = PBXBuildFile; fileRef = 18EC47C51AD7C62F00C397E5 /* anim_06.png */; };
		18EC47DA1AD7C62F00C397E5 /* anim_07.png in Resources */ = {isa = PBXBuildFile; fileRef = 18EC47C61AD7C62F00C397E5 /* anim_07.png */; };
		18EC47DB1AD7C62F00C397E5 /* anim_08.png in Resources */ = {isa = PBXBuildFile; fileRef = 18EC47C71AD7C62F00C397E5 /* anim_08.png */; };
		18EC47DC1AD7C62F00C397E5 /* anim_09.png in Resources */ = {isa = PBXBuildFile; fileRef = 18EC47C81AD7C62F00C397E5 /* anim_09.png */; };
		18EC47DD1AD7C62F00C397E5 /* anim_10.png in Resources */ = {isa = PBXBuildFile; fileRef = 18EC47C91AD7C62F00C397E5 /* anim_10.png */; };
		18EC47DE1AD7C62F00C397E5 /* anim_11.png in Resources */ = {isa = PBXBuildFile; fileRef = 18EC47CA1AD7C62F00C397E5 /* anim_11.png */; };
		18EC47DF1AD7C62F00C397E5 /* anim_12.png in Resources */ = {isa = PBXBuildFile; fileRef = 18EC47CB1AD7C62F00C397E5 /* anim_12.png */; };
		18EC47E01AD7C62F00C397E5 /* anim_13.png in Resources */ = {isa = PBXBuildFile; fileRef = 18EC47CC1AD7C62F00C397E5 /* anim_13.png */; };
		18EC47E11AD7C62F00C397E5 /* anim_14.png in Resources */ = {isa = PBXBuildFile; fileRef = 18EC47CD1AD7C62F00C397E5 /* anim_14.png */; };
		18EC47E21AD7C62F00C397E5 /* anim_15.png in Resources */ = {isa = PBXBuildFile; fileRef = 18EC47CE1AD7C62F00C397E5 /* anim_15.png */; };
		18EC47E31AD7C62F00C397E5 /* anim_16.png in Resources */ = {isa = PBXBuildFile; fileRef = 18EC47CF1AD7C62F00C397E5 /* anim_16.png */; };
		18EC47E41AD7C62F00C397E5 /* anim_17.png in Resources */ = {isa = PBXBuildFile; fileRef = 18EC47D01AD7C62F00C397E5 /* anim_17.png */; };
		18EC47E51AD7C62F00C397E5 /* anim_18.png in Resources */ = {isa = PBXBuildFile; fileRef = 18EC47D11AD7C62F00C397E5 /* anim_18.png */; };
		18EC47E61AD7C62F00C397E5 /* anim_19.png in Resources */ = {isa = PBXBuildFile; fileRef = 18EC47D21AD7C62F00C397E5 /* anim_19.png */; };
		18EC47E71AD7C62F00C397E5 /* anim_20.png in Resources */ = {isa = PBXBuildFile; fileRef = 18EC47D31AD7C62F00C397E5 /* anim_20.png */; };
		54A0444849F1931415392FC1 /* libPods.a in Frameworks */ = {isa = PBXBuildFile; fileRef = E83ED1B8EA89BC57ACF91BA5 /* libPods.a */; };
/* End PBXBuildFile section */

/* Begin PBXContainerItemProxy section */
		18B23B3C1A7A14D100E80854 /* PBXContainerItemProxy */ = {
			isa = PBXContainerItemProxy;
			containerPortal = 18B23B171A7A14D000E80854 /* Project object */;
			proxyType = 1;
			remoteGlobalIDString = 18B23B1E1A7A14D000E80854;
			remoteInfo = iOSStudy;
		};
/* End PBXContainerItemProxy section */

/* Begin PBXFileReference section */
		05EB633B553B549AA5102110 /* Pods.debug.xcconfig */ = {isa = PBXFileReference; includeInIndex = 1; lastKnownFileType = text.xcconfig; name = Pods.debug.xcconfig; path = "Pods/Target Support Files/Pods/Pods.debug.xcconfig"; sourceTree = "<group>"; };
		184F48AE1A93321700C5C22F /* WebViewControllerViewModel.m */ = {isa = PBXFileReference; fileEncoding = 4; lastKnownFileType = sourcecode.c.objc; name = WebViewControllerViewModel.m; path = iOSStudy/ViewModel/WebViewControllerViewModel.m; sourceTree = "<group>"; };
		184F48B01A93323F00C5C22F /* WebViewControllerViewModel.h */ = {isa = PBXFileReference; fileEncoding = 4; lastKnownFileType = sourcecode.c.h; name = WebViewControllerViewModel.h; path = iOSStudy/ViewModel/WebViewControllerViewModel.h; sourceTree = "<group>"; };
		184F48B21A93340F00C5C22F /* WebBean.h */ = {isa = PBXFileReference; fileEncoding = 4; lastKnownFileType = sourcecode.c.h; name = WebBean.h; path = Bean/webBean/WebBean.h; sourceTree = "<group>"; };
		184F48B31A93340F00C5C22F /* WebBean.m */ = {isa = PBXFileReference; fileEncoding = 4; lastKnownFileType = sourcecode.c.objc; name = WebBean.m; path = Bean/webBean/WebBean.m; sourceTree = "<group>"; };
		185EEB491A98DC9900BFDB79 /* SettingTableViewController.h */ = {isa = PBXFileReference; fileEncoding = 4; lastKnownFileType = sourcecode.c.h; path = SettingTableViewController.h; sourceTree = "<group>"; };
		185EEB4A1A98DC9900BFDB79 /* SettingTableViewController.m */ = {isa = PBXFileReference; fileEncoding = 4; lastKnownFileType = sourcecode.c.objc; path = SettingTableViewController.m; sourceTree = "<group>"; };
		185EEB4C1A98E0BA00BFDB79 /* tabbar_setting.png */ = {isa = PBXFileReference; lastKnownFileType = image.png; name = tabbar_setting.png; path = " Resource/images/tabbar/tabbar_setting.png"; sourceTree = "<group>"; };
		185EEB4D1A98E0BA00BFDB79 /* tabbar_setting@2x.png */ = {isa = PBXFileReference; lastKnownFileType = image.png; name = "tabbar_setting@2x.png"; path = " Resource/images/tabbar/tabbar_setting@2x.png"; sourceTree = "<group>"; };
		185EEB4E1A98E0BA00BFDB79 /* tabbar_setting@3x.png */ = {isa = PBXFileReference; lastKnownFileType = image.png; name = "tabbar_setting@3x.png"; path = " Resource/images/tabbar/tabbar_setting@3x.png"; sourceTree = "<group>"; };
		187E96971AD6BED500D164FA /* NotificationCenterConstants.h */ = {isa = PBXFileReference; fileEncoding = 4; lastKnownFileType = sourcecode.c.h; name = NotificationCenterConstants.h; path = libs/NotificationCenterConstants.h; sourceTree = "<group>"; };
		187E96981AD6BED500D164FA /* NotificationCenterConstants.m */ = {isa = PBXFileReference; fileEncoding = 4; lastKnownFileType = sourcecode.c.objc; name = NotificationCenterConstants.m; path = libs/NotificationCenterConstants.m; sourceTree = "<group>"; };
		189EF8311A8399B100F19327 /* BlogBean.h */ = {isa = PBXFileReference; fileEncoding = 4; lastKnownFileType = sourcecode.c.h; name = BlogBean.h; path = Bean/blogBean/BlogBean.h; sourceTree = "<group>"; };
		189EF8321A8399B100F19327 /* BlogBean.m */ = {isa = PBXFileReference; fileEncoding = 4; lastKnownFileType = sourcecode.c.objc; name = BlogBean.m; path = Bean/blogBean/BlogBean.m; sourceTree = "<group>"; };
		189EF8341A839FC600F19327 /* JsonTools.h */ = {isa = PBXFileReference; fileEncoding = 4; lastKnownFileType = sourcecode.c.h; name = JsonTools.h; path = Tools/JsonTools.h; sourceTree = "<group>"; };
		189EF8351A839FC600F19327 /* JsonTools.m */ = {isa = PBXFileReference; fileEncoding = 4; lastKnownFileType = sourcecode.c.objc; name = JsonTools.m; path = Tools/JsonTools.m; sourceTree = "<group>"; };
		189EF8381A83C3AF00F19327 /* BlogDetailViewController.h */ = {isa = PBXFileReference; fileEncoding = 4; lastKnownFileType = sourcecode.c.h; name = BlogDetailViewController.h; path = ViewColl/BlogDetailViewController.h; sourceTree = "<group>"; };
		189EF8391A83C3AF00F19327 /* BlogDetailViewController.m */ = {isa = PBXFileReference; fileEncoding = 4; lastKnownFileType = sourcecode.c.objc; name = BlogDetailViewController.m; path = ViewColl/BlogDetailViewController.m; sourceTree = "<group>"; };
		18A998911A7C77D0002E7219 /* NetWorkTools.h */ = {isa = PBXFileReference; fileEncoding = 4; lastKnownFileType = sourcecode.c.h; name = NetWorkTools.h; path = Tools/NetWorkTools.h; sourceTree = "<group>"; };
		18A998921A7C77D0002E7219 /* NetWorkTools.m */ = {isa = PBXFileReference; fileEncoding = 4; lastKnownFileType = sourcecode.c.objc; name = NetWorkTools.m; path = Tools/NetWorkTools.m; sourceTree = "<group>"; };
		18AB47931A99969600E4C030 /* VideoBean.h */ = {isa = PBXFileReference; fileEncoding = 4; lastKnownFileType = sourcecode.c.h; name = VideoBean.h; path = Bean/videoBean/VideoBean.h; sourceTree = "<group>"; };
		18AB47941A99969600E4C030 /* VideoBean.m */ = {isa = PBXFileReference; fileEncoding = 4; lastKnownFileType = sourcecode.c.objc; name = VideoBean.m; path = Bean/videoBean/VideoBean.m; sourceTree = "<group>"; };
		18AB47991A9C59CB00E4C030 /* UIImage+Resize.h */ = {isa = PBXFileReference; fileEncoding = 4; lastKnownFileType = sourcecode.c.h; name = "UIImage+Resize.h"; path = "libs/UIImage+Resize.h"; sourceTree = "<group>"; };
		18AB479A1A9C59CB00E4C030 /* UIImage+Resize.m */ = {isa = PBXFileReference; fileEncoding = 4; lastKnownFileType = sourcecode.c.objc; name = "UIImage+Resize.m"; path = "libs/UIImage+Resize.m"; sourceTree = "<group>"; };
		18AB47A91AA415A400E4C030 /* FavouriteBean.h */ = {isa = PBXFileReference; fileEncoding = 4; lastKnownFileType = sourcecode.c.h; name = FavouriteBean.h; path = Bean/FavouriteBean.h; sourceTree = "<group>"; };
		18AB47AA1AA415A400E4C030 /* FavouriteBean.m */ = {isa = PBXFileReference; fileEncoding = 4; lastKnownFileType = sourcecode.c.objc; name = FavouriteBean.m; path = Bean/FavouriteBean.m; sourceTree = "<group>"; };
		18B23B1F1A7A14D000E80854 /* iOSStudy.app */ = {isa = PBXFileReference; explicitFileType = wrapper.application; includeInIndex = 0; path = iOSStudy.app; sourceTree = BUILT_PRODUCTS_DIR; };
		18B23B231A7A14D100E80854 /* Info.plist */ = {isa = PBXFileReference; lastKnownFileType = text.plist.xml; path = Info.plist; sourceTree = "<group>"; };
		18B23B241A7A14D100E80854 /* main.m */ = {isa = PBXFileReference; lastKnownFileType = sourcecode.c.objc; path = main.m; sourceTree = "<group>"; };
		18B23B261A7A14D100E80854 /* AppDelegate.h */ = {isa = PBXFileReference; lastKnownFileType = sourcecode.c.h; path = AppDelegate.h; sourceTree = "<group>"; };
		18B23B271A7A14D100E80854 /* AppDelegate.m */ = {isa = PBXFileReference; lastKnownFileType = sourcecode.c.objc; path = AppDelegate.m; sourceTree = "<group>"; };
		18B23B291A7A14D100E80854 /* BlogViewController.h */ = {isa = PBXFileReference; lastKnownFileType = sourcecode.c.h; path = BlogViewController.h; sourceTree = "<group>"; };
		18B23B2A1A7A14D100E80854 /* BlogViewController.m */ = {isa = PBXFileReference; lastKnownFileType = sourcecode.c.objc; path = BlogViewController.m; sourceTree = "<group>"; };
		18B23B2C1A7A14D100E80854 /* WebViewController.h */ = {isa = PBXFileReference; lastKnownFileType = sourcecode.c.h; path = WebViewController.h; sourceTree = "<group>"; };
		18B23B2D1A7A14D100E80854 /* WebViewController.m */ = {isa = PBXFileReference; lastKnownFileType = sourcecode.c.objc; path = WebViewController.m; sourceTree = "<group>"; };
		18B23B301A7A14D100E80854 /* Base */ = {isa = PBXFileReference; lastKnownFileType = file.storyboard; name = Base; path = Base.lproj/Main.storyboard; sourceTree = "<group>"; };
		18B23B321A7A14D100E80854 /* Images.xcassets */ = {isa = PBXFileReference; lastKnownFileType = folder.assetcatalog; path = Images.xcassets; sourceTree = "<group>"; };
		18B23B3B1A7A14D100E80854 /* iOSStudyTests.xctest */ = {isa = PBXFileReference; explicitFileType = wrapper.cfbundle; includeInIndex = 0; path = iOSStudyTests.xctest; sourceTree = BUILT_PRODUCTS_DIR; };
		18B23B401A7A14D100E80854 /* Info.plist */ = {isa = PBXFileReference; lastKnownFileType = text.plist.xml; path = Info.plist; sourceTree = "<group>"; };
		18B23B411A7A14D100E80854 /* iOSStudyTests.m */ = {isa = PBXFileReference; lastKnownFileType = sourcecode.c.objc; path = iOSStudyTests.m; sourceTree = "<group>"; };
		18B23B4B1A7A234800E80854 /* BaseViewController.h */ = {isa = PBXFileReference; fileEncoding = 4; lastKnownFileType = sourcecode.c.h; name = BaseViewController.h; path = Base/BaseViewController.h; sourceTree = "<group>"; };
		18B23B4C1A7A234800E80854 /* BaseViewController.m */ = {isa = PBXFileReference; fileEncoding = 4; lastKnownFileType = sourcecode.c.objc; name = BaseViewController.m; path = Base/BaseViewController.m; sourceTree = "<group>"; };
		18C845071ACCFC690053884F /* HttpVersionTools.h */ = {isa = PBXFileReference; fileEncoding = 4; lastKnownFileType = sourcecode.c.h; name = HttpVersionTools.h; path = Tools/HttpVersionTools.h; sourceTree = "<group>"; };
		18C845081ACCFC690053884F /* HttpVersionTools.m */ = {isa = PBXFileReference; fileEncoding = 4; lastKnownFileType = sourcecode.c.objc; name = HttpVersionTools.m; path = Tools/HttpVersionTools.m; sourceTree = "<group>"; };
		18C8450A1ACD41C40053884F /* BlogJsonBean.h */ = {isa = PBXFileReference; fileEncoding = 4; lastKnownFileType = sourcecode.c.h; name = BlogJsonBean.h; path = Bean/blogBean/BlogJsonBean.h; sourceTree = "<group>"; };
		18C8450B1ACD41C40053884F /* BlogJsonBean.m */ = {isa = PBXFileReference; fileEncoding = 4; lastKnownFileType = sourcecode.c.objc; name = BlogJsonBean.m; path = Bean/blogBean/BlogJsonBean.m; sourceTree = "<group>"; };
		18C8450D1ACE3E580053884F /* CoreDataUtils.h */ = {isa = PBXFileReference; fileEncoding = 4; lastKnownFileType = sourcecode.c.h; name = CoreDataUtils.h; path = Tools/CoreDataUtils.h; sourceTree = "<group>"; };
		18C8450E1ACE3E580053884F /* CoreDataUtils.m */ = {isa = PBXFileReference; fileEncoding = 4; lastKnownFileType = sourcecode.c.objc; name = CoreDataUtils.m; path = Tools/CoreDataUtils.m; sourceTree = "<group>"; };
		18C845101ACE4A580053884F /* WelcomeViewController.h */ = {isa = PBXFileReference; fileEncoding = 4; lastKnownFileType = sourcecode.c.h; path = WelcomeViewController.h; sourceTree = "<group>"; };
		18C845111ACE4A580053884F /* WelcomeViewController.m */ = {isa = PBXFileReference; fileEncoding = 4; lastKnownFileType = sourcecode.c.objc; path = WelcomeViewController.m; sourceTree = "<group>"; };
		18C845131ACE56150053884F /* MainTabBarViewController.h */ = {isa = PBXFileReference; fileEncoding = 4; lastKnownFileType = sourcecode.c.h; path = MainTabBarViewController.h; sourceTree = "<group>"; };
		18C845141ACE56150053884F /* MainTabBarViewController.m */ = {isa = PBXFileReference; fileEncoding = 4; lastKnownFileType = sourcecode.c.objc; path = MainTabBarViewController.m; sourceTree = "<group>"; };
		18CB71201AD55BFD00D72204 /* libPushSDK-1.8.3.a */ = {isa = PBXFileReference; lastKnownFileType = archive.ar; path = "libPushSDK-1.8.3.a"; sourceTree = "<group>"; };
		18CB71221AD55C0C00D72204 /* APService.h */ = {isa = PBXFileReference; fileEncoding = 4; lastKnownFileType = sourcecode.c.h; path = APService.h; sourceTree = "<group>"; };
		18CB71231AD56C2000D72204 /* CFNetwork.framework */ = {isa = PBXFileReference; lastKnownFileType = wrapper.framework; name = CFNetwork.framework; path = System/Library/Frameworks/CFNetwork.framework; sourceTree = SDKROOT; };
		18CB71251AD56C3000D72204 /* CoreFoundation.framework */ = {isa = PBXFileReference; lastKnownFileType = wrapper.framework; name = CoreFoundation.framework; path = System/Library/Frameworks/CoreFoundation.framework; sourceTree = SDKROOT; };
		18CB71271AD56C4000D72204 /* CoreTelephony.framework */ = {isa = PBXFileReference; lastKnownFileType = wrapper.framework; name = CoreTelephony.framework; path = System/Library/Frameworks/CoreTelephony.framework; sourceTree = SDKROOT; };
		18CB71291AD56C6200D72204 /* libz.dylib */ = {isa = PBXFileReference; lastKnownFileType = "compiled.mach-o.dylib"; name = libz.dylib; path = usr/lib/libz.dylib; sourceTree = SDKROOT; };
		18CB712B1AD570B200D72204 /* PushConfig.plist */ = {isa = PBXFileReference; fileEncoding = 4; lastKnownFileType = text.plist.xml; path = PushConfig.plist; sourceTree = "<group>"; };
		18CECC081A91ACB6005598E4 /* BlogViewControllerViewModel.h */ = {isa = PBXFileReference; fileEncoding = 4; lastKnownFileType = sourcecode.c.h; name = BlogViewControllerViewModel.h; path = iOSStudy/ViewModel/BlogViewControllerViewModel.h; sourceTree = "<group>"; };
		18CECC091A91ACB7005598E4 /* BlogViewControllerViewModel.m */ = {isa = PBXFileReference; fileEncoding = 4; lastKnownFileType = sourcecode.c.objc; name = BlogViewControllerViewModel.m; path = iOSStudy/ViewModel/BlogViewControllerViewModel.m; sourceTree = "<group>"; };
		18D184801AD28D1900188C3C /* FavouriteTableViewController.h */ = {isa = PBXFileReference; fileEncoding = 4; lastKnownFileType = sourcecode.c.h; name = FavouriteTableViewController.h; path = iOSStudy/FavouriteTableViewController.h; sourceTree = "<group>"; };
		18D184811AD28D1900188C3C /* FavouriteTableViewController.m */ = {isa = PBXFileReference; fileEncoding = 4; lastKnownFileType = sourcecode.c.objc; name = FavouriteTableViewController.m; path = iOSStudy/FavouriteTableViewController.m; sourceTree = "<group>"; };
		18D184831AD2904900188C3C /* FavouriteViewControllerViewModel.h */ = {isa = PBXFileReference; fileEncoding = 4; lastKnownFileType = sourcecode.c.h; name = FavouriteViewControllerViewModel.h; path = iOSStudy/ViewModel/FavouriteViewControllerViewModel.h; sourceTree = "<group>"; };
		18D184841AD2904900188C3C /* FavouriteViewControllerViewModel.m */ = {isa = PBXFileReference; fileEncoding = 4; lastKnownFileType = sourcecode.c.objc; name = FavouriteViewControllerViewModel.m; path = iOSStudy/ViewModel/FavouriteViewControllerViewModel.m; sourceTree = "<group>"; };
		18D184861AD2E0B700188C3C /* MessageUI.framework */ = {isa = PBXFileReference; lastKnownFileType = wrapper.framework; name = MessageUI.framework; path = System/Library/Frameworks/MessageUI.framework; sourceTree = SDKROOT; };
		18D2010D1A95A6F400D5F095 /* icon_29.png */ = {isa = PBXFileReference; lastKnownFileType = image.png; name = icon_29.png; path = " Resource/images/appicon/icon_29.png"; sourceTree = "<group>"; };
		18D2010E1A95A6F400D5F095 /* icon_40.png */ = {isa = PBXFileReference; lastKnownFileType = image.png; name = icon_40.png; path = " Resource/images/appicon/icon_40.png"; sourceTree = "<group>"; };
		18D2010F1A95A6F400D5F095 /* icon_58.png */ = {isa = PBXFileReference; lastKnownFileType = image.png; name = icon_58.png; path = " Resource/images/appicon/icon_58.png"; sourceTree = "<group>"; };
		18D201101A95A6F400D5F095 /* icon_76.png */ = {isa = PBXFileReference; lastKnownFileType = image.png; name = icon_76.png; path = " Resource/images/appicon/icon_76.png"; sourceTree = "<group>"; };
		18D201111A95A6F400D5F095 /* icon_80.png */ = {isa = PBXFileReference; lastKnownFileType = image.png; name = icon_80.png; path = " Resource/images/appicon/icon_80.png"; sourceTree = "<group>"; };
		18D201121A95A6F400D5F095 /* icon_87.png */ = {isa = PBXFileReference; lastKnownFileType = image.png; name = icon_87.png; path = " Resource/images/appicon/icon_87.png"; sourceTree = "<group>"; };
		18D201131A95A6F400D5F095 /* icon_120.png */ = {isa = PBXFileReference; lastKnownFileType = image.png; name = icon_120.png; path = " Resource/images/appicon/icon_120.png"; sourceTree = "<group>"; };
		18D201141A95A6F400D5F095 /* icon_152.png */ = {isa = PBXFileReference; lastKnownFileType = image.png; name = icon_152.png; path = " Resource/images/appicon/icon_152.png"; sourceTree = "<group>"; };
		18D201151A95A6F400D5F095 /* icon_180.png */ = {isa = PBXFileReference; lastKnownFileType = image.png; name = icon_180.png; path = " Resource/images/appicon/icon_180.png"; sourceTree = "<group>"; };
		18D2011F1A95A70900D5F095 /* tabbar_blog.png */ = {isa = PBXFileReference; lastKnownFileType = image.png; name = tabbar_blog.png; path = " Resource/images/tabbar/tabbar_blog.png"; sourceTree = "<group>"; };
		18D201201A95A70900D5F095 /* tabbar_blog@2x.png */ = {isa = PBXFileReference; lastKnownFileType = image.png; name = "tabbar_blog@2x.png"; path = " Resource/images/tabbar/tabbar_blog@2x.png"; sourceTree = "<group>"; };
		18D201211A95A70900D5F095 /* tabbar_blog@3x.png */ = {isa = PBXFileReference; lastKnownFileType = image.png; name = "tabbar_blog@3x.png"; path = " Resource/images/tabbar/tabbar_blog@3x.png"; sourceTree = "<group>"; };
		18D201251A95A9D600D5F095 /* tabbar_video.png */ = {isa = PBXFileReference; lastKnownFileType = image.png; name = tabbar_video.png; path = " Resource/images/tabbar/tabbar_video.png"; sourceTree = "<group>"; };
		18D201261A95A9D600D5F095 /* tabbar_video@2x.png */ = {isa = PBXFileReference; lastKnownFileType = image.png; name = "tabbar_video@2x.png"; path = " Resource/images/tabbar/tabbar_video@2x.png"; sourceTree = "<group>"; };
		18D201271A95A9D600D5F095 /* tabbar_video@3x.png */ = {isa = PBXFileReference; lastKnownFileType = image.png; name = "tabbar_video@3x.png"; path = " Resource/images/tabbar/tabbar_video@3x.png"; sourceTree = "<group>"; };
		18D201281A95A9D600D5F095 /* tabbar_web.png */ = {isa = PBXFileReference; lastKnownFileType = image.png; name = tabbar_web.png; path = " Resource/images/tabbar/tabbar_web.png"; sourceTree = "<group>"; };
		18D201291A95A9D600D5F095 /* tabbar_web@2x.png */ = {isa = PBXFileReference; lastKnownFileType = image.png; name = "tabbar_web@2x.png"; path = " Resource/images/tabbar/tabbar_web@2x.png"; sourceTree = "<group>"; };
		18D2012A1A95A9D600D5F095 /* tabbar_web@3x.png */ = {isa = PBXFileReference; lastKnownFileType = image.png; name = "tabbar_web@3x.png"; path = " Resource/images/tabbar/tabbar_web@3x.png"; sourceTree = "<group>"; };
		18D201401A96143300D5F095 /* VideoViewControllerViewModel.h */ = {isa = PBXFileReference; fileEncoding = 4; lastKnownFileType = sourcecode.c.h; name = VideoViewControllerViewModel.h; path = iOSStudy/ViewModel/VideoViewControllerViewModel.h; sourceTree = "<group>"; };
		18D201411A96143300D5F095 /* VideoViewControllerViewModel.m */ = {isa = PBXFileReference; fileEncoding = 4; lastKnownFileType = sourcecode.c.objc; name = VideoViewControllerViewModel.m; path = iOSStudy/ViewModel/VideoViewControllerViewModel.m; sourceTree = "<group>"; };
		18D4ECA41AD17F56009FE9F0 /* EntityConstants.h */ = {isa = PBXFileReference; fileEncoding = 4; lastKnownFileType = sourcecode.c.h; name = EntityConstants.h; path = Constants/EntityConstants.h; sourceTree = "<group>"; };
		18D4ECA51AD17F56009FE9F0 /* EntityConstants.m */ = {isa = PBXFileReference; fileEncoding = 4; lastKnownFileType = sourcecode.c.objc; name = EntityConstants.m; path = Constants/EntityConstants.m; sourceTree = "<group>"; };
		18D908A51A8A205600B42A42 /* VideoTableViewController.h */ = {isa = PBXFileReference; fileEncoding = 4; lastKnownFileType = sourcecode.c.h; path = VideoTableViewController.h; sourceTree = "<group>"; };
		18D908A61A8A205600B42A42 /* VideoTableViewController.m */ = {isa = PBXFileReference; fileEncoding = 4; lastKnownFileType = sourcecode.c.objc; path = VideoTableViewController.m; sourceTree = "<group>"; };
		18DF6D391A80CF76005751E8 /* Constants .h */ = {isa = PBXFileReference; fileEncoding = 4; lastKnownFileType = sourcecode.c.h; name = "Constants .h"; path = "iOSStudy/Constants .h"; sourceTree = "<group>"; };
		18DF6D3B1A80D3BC005751E8 /* Reachability.h */ = {isa = PBXFileReference; fileEncoding = 4; lastKnownFileType = sourcecode.c.h; path = Reachability.h; sourceTree = "<group>"; };
		18DF6D3C1A80D3BC005751E8 /* Reachability.m */ = {isa = PBXFileReference; fileEncoding = 4; lastKnownFileType = sourcecode.c.objc; path = Reachability.m; sourceTree = "<group>"; };
		18DF6D3E1A80D40D005751E8 /* SystemConfiguration.framework */ = {isa = PBXFileReference; lastKnownFileType = wrapper.framework; name = SystemConfiguration.framework; path = System/Library/Frameworks/SystemConfiguration.framework; sourceTree = SDKROOT; };
		18E016A91ACAA898002A6E59 /* CoreData.framework */ = {isa = PBXFileReference; lastKnownFileType = wrapper.framework; name = CoreData.framework; path = System/Library/Frameworks/CoreData.framework; sourceTree = SDKROOT; };
		18E016E41ACAAB35002A6E59 /* iOSStudy.xcdatamodel */ = {isa = PBXFileReference; lastKnownFileType = wrapper.xcdatamodel; path = iOSStudy.xcdatamodel; sourceTree = "<group>"; };
		18E279671AD61AD50056CC5F /* iRate.bundle */ = {isa = PBXFileReference; lastKnownFileType = "wrapper.plug-in"; path = iRate.bundle; sourceTree = "<group>"; };
		18E279681AD61AD50056CC5F /* iRate.h */ = {isa = PBXFileReference; fileEncoding = 4; lastKnownFileType = sourcecode.c.h; path = iRate.h; sourceTree = "<group>"; };
		18E279691AD61AD50056CC5F /* iRate.m */ = {isa = PBXFileReference; fileEncoding = 4; lastKnownFileType = sourcecode.c.objc; path = iRate.m; sourceTree = "<group>"; };
		18E2796C1AD6206F0056CC5F /* LicenesViewController.h */ = {isa = PBXFileReference; fileEncoding = 4; lastKnownFileType = sourcecode.c.h; name = LicenesViewController.h; path = iOSStudy/LicenesViewController.h; sourceTree = "<group>"; };
		18E2796D1AD6206F0056CC5F /* LicenesViewController.m */ = {isa = PBXFileReference; fileEncoding = 4; lastKnownFileType = sourcecode.c.objc; name = LicenesViewController.m; path = iOSStudy/LicenesViewController.m; sourceTree = "<group>"; };
		18E279701AD62CD80056CC5F /* licenes.html */ = {isa = PBXFileReference; fileEncoding = 4; lastKnownFileType = text.html; path = licenes.html; sourceTree = "<group>"; };
		18E360071AD67BB500A077B2 /* STBaseTableViewCell.h */ = {isa = PBXFileReference; fileEncoding = 4; lastKnownFileType = sourcecode.c.h; name = STBaseTableViewCell.h; path = Cell/STBaseTableViewCell.h; sourceTree = "<group>"; };
		18E360081AD67BB500A077B2 /* STBaseTableViewCell.m */ = {isa = PBXFileReference; fileEncoding = 4; lastKnownFileType = sourcecode.c.objc; name = STBaseTableViewCell.m; path = Cell/STBaseTableViewCell.m; sourceTree = "<group>"; };
		18E360091AD67BB500A077B2 /* STBaseTableViewCell.xib */ = {isa = PBXFileReference; fileEncoding = 4; lastKnownFileType = file.xib; name = STBaseTableViewCell.xib; path = Cell/STBaseTableViewCell.xib; sourceTree = "<group>"; };
		18E6A0B31ACCF7FD00B28D32 /* VersionBean.h */ = {isa = PBXFileReference; fileEncoding = 4; lastKnownFileType = sourcecode.c.h; name = VersionBean.h; path = Bean/versionBean/VersionBean.h; sourceTree = "<group>"; };
		18E6A0B41ACCF7FD00B28D32 /* VersionBean.m */ = {isa = PBXFileReference; fileEncoding = 4; lastKnownFileType = sourcecode.c.objc; name = VersionBean.m; path = Bean/versionBean/VersionBean.m; sourceTree = "<group>"; };
		18EC479C1AD773A200C397E5 /* WelcomeTools.h */ = {isa = PBXFileReference; fileEncoding = 4; lastKnownFileType = sourcecode.c.h; name = WelcomeTools.h; path = Tools/WelcomeTools.h; sourceTree = "<group>"; };
		18EC479D1AD773A200C397E5 /* WelcomeTools.m */ = {isa = PBXFileReference; fileEncoding = 4; lastKnownFileType = sourcecode.c.objc; name = WelcomeTools.m; path = Tools/WelcomeTools.m; sourceTree = "<group>"; };
		18EC479F1AD7949100C397E5 /* img_640x960.png */ = {isa = PBXFileReference; lastKnownFileType = image.png; name = img_640x960.png; path = " Resource/images/start_img/img_640x960.png"; sourceTree = "<group>"; };
		18EC47A01AD7949100C397E5 /* img_640x1136.png */ = {isa = PBXFileReference; lastKnownFileType = image.png; name = img_640x1136.png; path = " Resource/images/start_img/img_640x1136.png"; sourceTree = "<group>"; };
		18EC47A11AD7949100C397E5 /* img_750x1334.png */ = {isa = PBXFileReference; lastKnownFileType = image.png; name = img_750x1334.png; path = " Resource/images/start_img/img_750x1334.png"; sourceTree = "<group>"; };
		18EC47A21AD7949100C397E5 /* img_768x1024.png */ = {isa = PBXFileReference; lastKnownFileType = image.png; name = img_768x1024.png; path = " Resource/images/start_img/img_768x1024.png"; sourceTree = "<group>"; };
		18EC47A31AD7949100C397E5 /* img_1024x768.png */ = {isa = PBXFileReference; lastKnownFileType = image.png; name = img_1024x768.png; path = " Resource/images/start_img/img_1024x768.png"; sourceTree = "<group>"; };
		18EC47A41AD7949100C397E5 /* img_1242x2208.png */ = {isa = PBXFileReference; lastKnownFileType = image.png; name = img_1242x2208.png; path = " Resource/images/start_img/img_1242x2208.png"; sourceTree = "<group>"; };
		18EC47A51AD7949100C397E5 /* img_1536x2048.png */ = {isa = PBXFileReference; lastKnownFileType = image.png; name = img_1536x2048.png; path = " Resource/images/start_img/img_1536x2048.png"; sourceTree = "<group>"; };
		18EC47A61AD7949100C397E5 /* img_2048x1536.png */ = {isa = PBXFileReference; lastKnownFileType = image.png; name = img_2048x1536.png; path = " Resource/images/start_img/img_2048x1536.png"; sourceTree = "<group>"; };
		18EC47A71AD7949100C397E5 /* img_2208x1242.png */ = {isa = PBXFileReference; lastKnownFileType = image.png; name = img_2208x1242.png; path = " Resource/images/start_img/img_2208x1242.png"; sourceTree = "<group>"; };
		18EC47B71AD7AE3200C397E5 /* welcome_bg.png */ = {isa = PBXFileReference; lastKnownFileType = image.png; name = welcome_bg.png; path = " Resource/images/start_img/welcome_bg.png"; sourceTree = "<group>"; };
		18EC47B81AD7AE3200C397E5 /* welcome_icon.png */ = {isa = PBXFileReference; lastKnownFileType = image.png; name = welcome_icon.png; path = " Resource/images/start_img/welcome_icon.png"; sourceTree = "<group>"; };
		18EC47BD1AD7C22300C397E5 /* about_us.html */ = {isa = PBXFileReference; fileEncoding = 4; lastKnownFileType = text.html; path = about_us.html; sourceTree = "<group>"; };
		18EC47C01AD7C62F00C397E5 /* anim_01.png */ = {isa = PBXFileReference; lastKnownFileType = image.png; path = anim_01.png; sourceTree = "<group>"; };
		18EC47C11AD7C62F00C397E5 /* anim_02.png */ = {isa = PBXFileReference; lastKnownFileType = image.png; path = anim_02.png; sourceTree = "<group>"; };
		18EC47C21AD7C62F00C397E5 /* anim_03.png */ = {isa = PBXFileReference; lastKnownFileType = image.png; path = anim_03.png; sourceTree = "<group>"; };
		18EC47C31AD7C62F00C397E5 /* anim_04.png */ = {isa = PBXFileReference; lastKnownFileType = image.png; path = anim_04.png; sourceTree = "<group>"; };
		18EC47C41AD7C62F00C397E5 /* anim_05.png */ = {isa = PBXFileReference; lastKnownFileType = image.png; path = anim_05.png; sourceTree = "<group>"; };
		18EC47C51AD7C62F00C397E5 /* anim_06.png */ = {isa = PBXFileReference; lastKnownFileType = image.png; path = anim_06.png; sourceTree = "<group>"; };
		18EC47C61AD7C62F00C397E5 /* anim_07.png */ = {isa = PBXFileReference; lastKnownFileType = image.png; path = anim_07.png; sourceTree = "<group>"; };
		18EC47C71AD7C62F00C397E5 /* anim_08.png */ = {isa = PBXFileReference; lastKnownFileType = image.png; path = anim_08.png; sourceTree = "<group>"; };
		18EC47C81AD7C62F00C397E5 /* anim_09.png */ = {isa = PBXFileReference; lastKnownFileType = image.png; path = anim_09.png; sourceTree = "<group>"; };
		18EC47C91AD7C62F00C397E5 /* anim_10.png */ = {isa = PBXFileReference; lastKnownFileType = image.png; path = anim_10.png; sourceTree = "<group>"; };
		18EC47CA1AD7C62F00C397E5 /* anim_11.png */ = {isa = PBXFileReference; lastKnownFileType = image.png; path = anim_11.png; sourceTree = "<group>"; };
		18EC47CB1AD7C62F00C397E5 /* anim_12.png */ = {isa = PBXFileReference; lastKnownFileType = image.png; path = anim_12.png; sourceTree = "<group>"; };
		18EC47CC1AD7C62F00C397E5 /* anim_13.png */ = {isa = PBXFileReference; lastKnownFileType = image.png; path = anim_13.png; sourceTree = "<group>"; };
		18EC47CD1AD7C62F00C397E5 /* anim_14.png */ = {isa = PBXFileReference; lastKnownFileType = image.png; path = anim_14.png; sourceTree = "<group>"; };
		18EC47CE1AD7C62F00C397E5 /* anim_15.png */ = {isa = PBXFileReference; lastKnownFileType = image.png; path = anim_15.png; sourceTree = "<group>"; };
		18EC47CF1AD7C62F00C397E5 /* anim_16.png */ = {isa = PBXFileReference; lastKnownFileType = image.png; path = anim_16.png; sourceTree = "<group>"; };
		18EC47D01AD7C62F00C397E5 /* anim_17.png */ = {isa = PBXFileReference; lastKnownFileType = image.png; path = anim_17.png; sourceTree = "<group>"; };
		18EC47D11AD7C62F00C397E5 /* anim_18.png */ = {isa = PBXFileReference; lastKnownFileType = image.png; path = anim_18.png; sourceTree = "<group>"; };
		18EC47D21AD7C62F00C397E5 /* anim_19.png */ = {isa = PBXFileReference; lastKnownFileType = image.png; path = anim_19.png; sourceTree = "<group>"; };
		18EC47D31AD7C62F00C397E5 /* anim_20.png */ = {isa = PBXFileReference; lastKnownFileType = image.png; path = anim_20.png; sourceTree = "<group>"; };
		2E2CC00A58FD0A745C574BAD /* Pods.release.xcconfig */ = {isa = PBXFileReference; includeInIndex = 1; lastKnownFileType = text.xcconfig; name = Pods.release.xcconfig; path = "Pods/Target Support Files/Pods/Pods.release.xcconfig"; sourceTree = "<group>"; };
		E83ED1B8EA89BC57ACF91BA5 /* libPods.a */ = {isa = PBXFileReference; explicitFileType = archive.ar; includeInIndex = 0; path = libPods.a; sourceTree = BUILT_PRODUCTS_DIR; };
/* End PBXFileReference section */

/* Begin PBXFrameworksBuildPhase section */
		18B23B1C1A7A14D000E80854 /* Frameworks */ = {
			isa = PBXFrameworksBuildPhase;
			buildActionMask = 2147483647;
			files = (
				18CB712A1AD56C6200D72204 /* libz.dylib in Frameworks */,
				18CB71281AD56C4000D72204 /* CoreTelephony.framework in Frameworks */,
				18CB71261AD56C3000D72204 /* CoreFoundation.framework in Frameworks */,
				18CB71241AD56C2100D72204 /* CFNetwork.framework in Frameworks */,
				18D184871AD2E0B700188C3C /* MessageUI.framework in Frameworks */,
				18E016AA1ACAA898002A6E59 /* CoreData.framework in Frameworks */,
				18DF6D3F1A80D40D005751E8 /* SystemConfiguration.framework in Frameworks */,
				18CB71211AD55BFD00D72204 /* libPushSDK-1.8.3.a in Frameworks */,
				54A0444849F1931415392FC1 /* libPods.a in Frameworks */,
			);
			runOnlyForDeploymentPostprocessing = 0;
		};
		18B23B381A7A14D100E80854 /* Frameworks */ = {
			isa = PBXFrameworksBuildPhase;
			buildActionMask = 2147483647;
			files = (
			);
			runOnlyForDeploymentPostprocessing = 0;
		};
/* End PBXFrameworksBuildPhase section */

/* Begin PBXGroup section */
		184F48B51A93341B00C5C22F /* webBean */ = {
			isa = PBXGroup;
			children = (
				184F48B21A93340F00C5C22F /* WebBean.h */,
				184F48B31A93340F00C5C22F /* WebBean.m */,
			);
			name = webBean;
			sourceTree = "<group>";
		};
		189EF82F1A83994B00F19327 /* Bean */ = {
			isa = PBXGroup;
			children = (
				18E6A0B21ACCF7C600B28D32 /* VersionBean */,
				18AB47921A99965A00E4C030 /* videoBean */,
				184F48B51A93341B00C5C22F /* webBean */,
				189EF8301A83996500F19327 /* blogBean */,
				18AB47A91AA415A400E4C030 /* FavouriteBean.h */,
				18AB47AA1AA415A400E4C030 /* FavouriteBean.m */,
			);
			name = Bean;
			sourceTree = "<group>";
		};
		189EF8301A83996500F19327 /* blogBean */ = {
			isa = PBXGroup;
			children = (
				189EF8311A8399B100F19327 /* BlogBean.h */,
				189EF8321A8399B100F19327 /* BlogBean.m */,
				18C8450A1ACD41C40053884F /* BlogJsonBean.h */,
				18C8450B1ACD41C40053884F /* BlogJsonBean.m */,
			);
			name = blogBean;
			sourceTree = "<group>";
		};
		189EF8371A83C37B00F19327 /* ViewColl */ = {
			isa = PBXGroup;
			children = (
				189EF8381A83C3AF00F19327 /* BlogDetailViewController.h */,
				189EF8391A83C3AF00F19327 /* BlogDetailViewController.m */,
			);
			name = ViewColl;
			sourceTree = "<group>";
		};
		18A998901A7C7772002E7219 /* Tools */ = {
			isa = PBXGroup;
			children = (
				18A998911A7C77D0002E7219 /* NetWorkTools.h */,
				18A998921A7C77D0002E7219 /* NetWorkTools.m */,
				189EF8341A839FC600F19327 /* JsonTools.h */,
				189EF8351A839FC600F19327 /* JsonTools.m */,
				18C845071ACCFC690053884F /* HttpVersionTools.h */,
				18C845081ACCFC690053884F /* HttpVersionTools.m */,
				18C8450D1ACE3E580053884F /* CoreDataUtils.h */,
				18C8450E1ACE3E580053884F /* CoreDataUtils.m */,
				18EC479C1AD773A200C397E5 /* WelcomeTools.h */,
				18EC479D1AD773A200C397E5 /* WelcomeTools.m */,
			);
			name = Tools;
			sourceTree = "<group>";
		};
		18AB47921A99965A00E4C030 /* videoBean */ = {
			isa = PBXGroup;
			children = (
				18AB47931A99969600E4C030 /* VideoBean.h */,
				18AB47941A99969600E4C030 /* VideoBean.m */,
			);
			name = videoBean;
			sourceTree = "<group>";
		};
		18AB479C1A9C5D7300E4C030 /* Cell */ = {
			isa = PBXGroup;
			children = (
				18E360071AD67BB500A077B2 /* STBaseTableViewCell.h */,
				18E360081AD67BB500A077B2 /* STBaseTableViewCell.m */,
				18E360091AD67BB500A077B2 /* STBaseTableViewCell.xib */,
			);
			name = Cell;
			sourceTree = "<group>";
		};
		18B23B161A7A14D000E80854 = {
			isa = PBXGroup;
			children = (
				18AB479C1A9C5D7300E4C030 /* Cell */,
				18CECC0B1A91ACD6005598E4 /* ViewModel */,
				189EF8371A83C37B00F19327 /* ViewColl */,
				189EF82F1A83994B00F19327 /* Bean */,
				18DF6D3A1A80D3A4005751E8 /* libs */,
				18DF6D391A80CF76005751E8 /* Constants .h */,
				18D4ECA41AD17F56009FE9F0 /* EntityConstants.h */,
				18D4ECA51AD17F56009FE9F0 /* EntityConstants.m */,
				18A998901A7C7772002E7219 /* Tools */,
				18B23B4E1A7A235E00E80854 /* Base */,
				18B23B211A7A14D000E80854 /* iOSStudy */,
				18B23B3E1A7A14D100E80854 /* iOSStudyTests */,
				18B23B201A7A14D000E80854 /* Products */,
				A75E66DCB4F6E8ABD81B2B38 /* Pods */,
				910A021243EF9C731476BCA9 /* Frameworks */,
			);
			sourceTree = "<group>";
		};
		18B23B201A7A14D000E80854 /* Products */ = {
			isa = PBXGroup;
			children = (
				18B23B1F1A7A14D000E80854 /* iOSStudy.app */,
				18B23B3B1A7A14D100E80854 /* iOSStudyTests.xctest */,
			);
			name = Products;
			sourceTree = "<group>";
		};
		18B23B211A7A14D000E80854 /* iOSStudy */ = {
			isa = PBXGroup;
			children = (
				18C845101ACE4A580053884F /* WelcomeViewController.h */,
				18C845111ACE4A580053884F /* WelcomeViewController.m */,
				18B23B261A7A14D100E80854 /* AppDelegate.h */,
				18B23B271A7A14D100E80854 /* AppDelegate.m */,
				18B23B291A7A14D100E80854 /* BlogViewController.h */,
				18B23B2A1A7A14D100E80854 /* BlogViewController.m */,
				18B23B2C1A7A14D100E80854 /* WebViewController.h */,
				18B23B2D1A7A14D100E80854 /* WebViewController.m */,
				18D908A51A8A205600B42A42 /* VideoTableViewController.h */,
				18D908A61A8A205600B42A42 /* VideoTableViewController.m */,
				185EEB491A98DC9900BFDB79 /* SettingTableViewController.h */,
				185EEB4A1A98DC9900BFDB79 /* SettingTableViewController.m */,
				18C845131ACE56150053884F /* MainTabBarViewController.h */,
				18C845141ACE56150053884F /* MainTabBarViewController.m */,
				18D184801AD28D1900188C3C /* FavouriteTableViewController.h */,
				18D184811AD28D1900188C3C /* FavouriteTableViewController.m */,
				18E2796C1AD6206F0056CC5F /* LicenesViewController.h */,
				18E2796D1AD6206F0056CC5F /* LicenesViewController.m */,
				18B23B2F1A7A14D100E80854 /* Main.storyboard */,
				18B23B321A7A14D100E80854 /* Images.xcassets */,
				18B23B221A7A14D000E80854 /* Supporting Files */,
				18E016E31ACAAB35002A6E59 /* iOSStudy.xcdatamodeld */,
			);
			path = iOSStudy;
			sourceTree = "<group>";
		};
		18B23B221A7A14D000E80854 /* Supporting Files */ = {
			isa = PBXGroup;
			children = (
				18CB712B1AD570B200D72204 /* PushConfig.plist */,
				18D200F71A95A1FB00D5F095 /*  Resource */,
				18B23B231A7A14D100E80854 /* Info.plist */,
				18B23B241A7A14D100E80854 /* main.m */,
			);
			name = "Supporting Files";
			sourceTree = "<group>";
		};
		18B23B3E1A7A14D100E80854 /* iOSStudyTests */ = {
			isa = PBXGroup;
			children = (
				18B23B411A7A14D100E80854 /* iOSStudyTests.m */,
				18B23B3F1A7A14D100E80854 /* Supporting Files */,
			);
			path = iOSStudyTests;
			sourceTree = "<group>";
		};
		18B23B3F1A7A14D100E80854 /* Supporting Files */ = {
			isa = PBXGroup;
			children = (
				18B23B401A7A14D100E80854 /* Info.plist */,
			);
			name = "Supporting Files";
			sourceTree = "<group>";
		};
		18B23B4E1A7A235E00E80854 /* Base */ = {
			isa = PBXGroup;
			children = (
				18B23B4B1A7A234800E80854 /* BaseViewController.h */,
				18B23B4C1A7A234800E80854 /* BaseViewController.m */,
			);
			name = Base;
			sourceTree = "<group>";
		};
		18CECC0B1A91ACD6005598E4 /* ViewModel */ = {
			isa = PBXGroup;
			children = (
				18D201401A96143300D5F095 /* VideoViewControllerViewModel.h */,
				18D201411A96143300D5F095 /* VideoViewControllerViewModel.m */,
				18CECC081A91ACB6005598E4 /* BlogViewControllerViewModel.h */,
				18CECC091A91ACB7005598E4 /* BlogViewControllerViewModel.m */,
				184F48B01A93323F00C5C22F /* WebViewControllerViewModel.h */,
				184F48AE1A93321700C5C22F /* WebViewControllerViewModel.m */,
				18D184831AD2904900188C3C /* FavouriteViewControllerViewModel.h */,
				18D184841AD2904900188C3C /* FavouriteViewControllerViewModel.m */,
			);
			name = ViewModel;
			sourceTree = "<group>";
		};
		18D200F71A95A1FB00D5F095 /*  Resource */ = {
			isa = PBXGroup;
			children = (
				18E2796F1AD62CD80056CC5F /* html */,
				18D200F81A95A21A00D5F095 /* images */,
			);
			name = " Resource";
			sourceTree = "<group>";
		};
		18D200F81A95A21A00D5F095 /* images */ = {
			isa = PBXGroup;
			children = (
				18EC47BF1AD7C62F00C397E5 /* anim */,
				18D201311A9608E600D5F095 /* startImg */,
				18D2010C1A95A6D500D5F095 /* tabBar */,
				18D2010B1A95A6C800D5F095 /* appIcon */,
			);
			name = images;
			sourceTree = "<group>";
		};
		18D2010B1A95A6C800D5F095 /* appIcon */ = {
			isa = PBXGroup;
			children = (
				18D2010D1A95A6F400D5F095 /* icon_29.png */,
				18D2010E1A95A6F400D5F095 /* icon_40.png */,
				18D2010F1A95A6F400D5F095 /* icon_58.png */,
				18D201101A95A6F400D5F095 /* icon_76.png */,
				18D201111A95A6F400D5F095 /* icon_80.png */,
				18D201121A95A6F400D5F095 /* icon_87.png */,
				18D201131A95A6F400D5F095 /* icon_120.png */,
				18D201141A95A6F400D5F095 /* icon_152.png */,
				18D201151A95A6F400D5F095 /* icon_180.png */,
			);
			name = appIcon;
			sourceTree = "<group>";
		};
		18D2010C1A95A6D500D5F095 /* tabBar */ = {
			isa = PBXGroup;
			children = (
				185EEB4C1A98E0BA00BFDB79 /* tabbar_setting.png */,
				185EEB4D1A98E0BA00BFDB79 /* tabbar_setting@2x.png */,
				185EEB4E1A98E0BA00BFDB79 /* tabbar_setting@3x.png */,
				18D201251A95A9D600D5F095 /* tabbar_video.png */,
				18D201261A95A9D600D5F095 /* tabbar_video@2x.png */,
				18D201271A95A9D600D5F095 /* tabbar_video@3x.png */,
				18D201281A95A9D600D5F095 /* tabbar_web.png */,
				18D201291A95A9D600D5F095 /* tabbar_web@2x.png */,
				18D2012A1A95A9D600D5F095 /* tabbar_web@3x.png */,
				18D2011F1A95A70900D5F095 /* tabbar_blog.png */,
				18D201201A95A70900D5F095 /* tabbar_blog@2x.png */,
				18D201211A95A70900D5F095 /* tabbar_blog@3x.png */,
			);
			name = tabBar;
			sourceTree = "<group>";
		};
		18D201311A9608E600D5F095 /* startImg */ = {
			isa = PBXGroup;
			children = (
				18EC47B71AD7AE3200C397E5 /* welcome_bg.png */,
				18EC47B81AD7AE3200C397E5 /* welcome_icon.png */,
				18EC479F1AD7949100C397E5 /* img_640x960.png */,
				18EC47A01AD7949100C397E5 /* img_640x1136.png */,
				18EC47A11AD7949100C397E5 /* img_750x1334.png */,
				18EC47A21AD7949100C397E5 /* img_768x1024.png */,
				18EC47A31AD7949100C397E5 /* img_1024x768.png */,
				18EC47A41AD7949100C397E5 /* img_1242x2208.png */,
				18EC47A51AD7949100C397E5 /* img_1536x2048.png */,
				18EC47A61AD7949100C397E5 /* img_2048x1536.png */,
				18EC47A71AD7949100C397E5 /* img_2208x1242.png */,
			);
			name = startImg;
			sourceTree = "<group>";
		};
		18DF6D3A1A80D3A4005751E8 /* libs */ = {
			isa = PBXGroup;
			children = (
				18E279661AD61AD50056CC5F /* iRate */,
				18CB71221AD55C0C00D72204 /* APService.h */,
				18AB47991A9C59CB00E4C030 /* UIImage+Resize.h */,
				18AB479A1A9C59CB00E4C030 /* UIImage+Resize.m */,
				18DF6D3B1A80D3BC005751E8 /* Reachability.h */,
				18DF6D3C1A80D3BC005751E8 /* Reachability.m */,
				187E96971AD6BED500D164FA /* NotificationCenterConstants.h */,
				187E96981AD6BED500D164FA /* NotificationCenterConstants.m */,
			);
			name = libs;
			sourceTree = "<group>";
		};
		18E279661AD61AD50056CC5F /* iRate */ = {
			isa = PBXGroup;
			children = (
				18E279671AD61AD50056CC5F /* iRate.bundle */,
				18E279681AD61AD50056CC5F /* iRate.h */,
				18E279691AD61AD50056CC5F /* iRate.m */,
			);
			name = iRate;
			path = libs/iRate;
			sourceTree = "<group>";
		};
		18E2796F1AD62CD80056CC5F /* html */ = {
			isa = PBXGroup;
			children = (
				18EC47BD1AD7C22300C397E5 /* about_us.html */,
				18E279701AD62CD80056CC5F /* licenes.html */,
			);
			name = html;
			path = " Resource/html";
			sourceTree = "<group>";
		};
		18E6A0B21ACCF7C600B28D32 /* VersionBean */ = {
			isa = PBXGroup;
			children = (
				18E6A0B31ACCF7FD00B28D32 /* VersionBean.h */,
				18E6A0B41ACCF7FD00B28D32 /* VersionBean.m */,
			);
			name = VersionBean;
			sourceTree = "<group>";
		};
		18EC47BF1AD7C62F00C397E5 /* anim */ = {
			isa = PBXGroup;
			children = (
				18EC47C01AD7C62F00C397E5 /* anim_01.png */,
				18EC47C11AD7C62F00C397E5 /* anim_02.png */,
				18EC47C21AD7C62F00C397E5 /* anim_03.png */,
				18EC47C31AD7C62F00C397E5 /* anim_04.png */,
				18EC47C41AD7C62F00C397E5 /* anim_05.png */,
				18EC47C51AD7C62F00C397E5 /* anim_06.png */,
				18EC47C61AD7C62F00C397E5 /* anim_07.png */,
				18EC47C71AD7C62F00C397E5 /* anim_08.png */,
				18EC47C81AD7C62F00C397E5 /* anim_09.png */,
				18EC47C91AD7C62F00C397E5 /* anim_10.png */,
				18EC47CA1AD7C62F00C397E5 /* anim_11.png */,
				18EC47CB1AD7C62F00C397E5 /* anim_12.png */,
				18EC47CC1AD7C62F00C397E5 /* anim_13.png */,
				18EC47CD1AD7C62F00C397E5 /* anim_14.png */,
				18EC47CE1AD7C62F00C397E5 /* anim_15.png */,
				18EC47CF1AD7C62F00C397E5 /* anim_16.png */,
				18EC47D01AD7C62F00C397E5 /* anim_17.png */,
				18EC47D11AD7C62F00C397E5 /* anim_18.png */,
				18EC47D21AD7C62F00C397E5 /* anim_19.png */,
				18EC47D31AD7C62F00C397E5 /* anim_20.png */,
			);
			name = anim;
			path = "iOSStudy/ Resource/images/anim";
			sourceTree = "<group>";
		};
		910A021243EF9C731476BCA9 /* Frameworks */ = {
			isa = PBXGroup;
			children = (
				18CB71291AD56C6200D72204 /* libz.dylib */,
				18CB71271AD56C4000D72204 /* CoreTelephony.framework */,
				18CB71251AD56C3000D72204 /* CoreFoundation.framework */,
				18CB71231AD56C2000D72204 /* CFNetwork.framework */,
				18CB71201AD55BFD00D72204 /* libPushSDK-1.8.3.a */,
				18D184861AD2E0B700188C3C /* MessageUI.framework */,
				18E016A91ACAA898002A6E59 /* CoreData.framework */,
				18DF6D3E1A80D40D005751E8 /* SystemConfiguration.framework */,
				E83ED1B8EA89BC57ACF91BA5 /* libPods.a */,
			);
			name = Frameworks;
			sourceTree = "<group>";
		};
		A75E66DCB4F6E8ABD81B2B38 /* Pods */ = {
			isa = PBXGroup;
			children = (
				05EB633B553B549AA5102110 /* Pods.debug.xcconfig */,
				2E2CC00A58FD0A745C574BAD /* Pods.release.xcconfig */,
			);
			name = Pods;
			sourceTree = "<group>";
		};
/* End PBXGroup section */

/* Begin PBXNativeTarget section */
		18B23B1E1A7A14D000E80854 /* iOSStudy */ = {
			isa = PBXNativeTarget;
			buildConfigurationList = 18B23B451A7A14D100E80854 /* Build configuration list for PBXNativeTarget "iOSStudy" */;
			buildPhases = (
				74FAA3BA176AE89704921297 /* Check Pods Manifest.lock */,
				18B23B1B1A7A14D000E80854 /* Sources */,
				18B23B1C1A7A14D000E80854 /* Frameworks */,
				18B23B1D1A7A14D000E80854 /* Resources */,
				2ACA4578B0EBE30E889C4283 /* Copy Pods Resources */,
			);
			buildRules = (
			);
			dependencies = (
			);
			name = iOSStudy;
			productName = iOSStudy;
			productReference = 18B23B1F1A7A14D000E80854 /* iOSStudy.app */;
			productType = "com.apple.product-type.application";
		};
		18B23B3A1A7A14D100E80854 /* iOSStudyTests */ = {
			isa = PBXNativeTarget;
			buildConfigurationList = 18B23B481A7A14D100E80854 /* Build configuration list for PBXNativeTarget "iOSStudyTests" */;
			buildPhases = (
				18B23B371A7A14D100E80854 /* Sources */,
				18B23B381A7A14D100E80854 /* Frameworks */,
				18B23B391A7A14D100E80854 /* Resources */,
			);
			buildRules = (
			);
			dependencies = (
				18B23B3D1A7A14D100E80854 /* PBXTargetDependency */,
			);
			name = iOSStudyTests;
			productName = iOSStudyTests;
			productReference = 18B23B3B1A7A14D100E80854 /* iOSStudyTests.xctest */;
			productType = "com.apple.product-type.bundle.unit-test";
		};
/* End PBXNativeTarget section */

/* Begin PBXProject section */
		18B23B171A7A14D000E80854 /* Project object */ = {
			isa = PBXProject;
			attributes = {
				LastUpgradeCheck = 0610;
				ORGANIZATIONNAME = chenguandong;
				TargetAttributes = {
					18B23B1E1A7A14D000E80854 = {
						CreatedOnToolsVersion = 6.1.1;
					};
					18B23B3A1A7A14D100E80854 = {
						CreatedOnToolsVersion = 6.1.1;
						TestTargetID = 18B23B1E1A7A14D000E80854;
					};
				};
			};
			buildConfigurationList = 18B23B1A1A7A14D000E80854 /* Build configuration list for PBXProject "iOSStudy" */;
			compatibilityVersion = "Xcode 3.2";
			developmentRegion = English;
			hasScannedForEncodings = 0;
			knownRegions = (
				en,
				Base,
				"zh-Hans",
			);
			mainGroup = 18B23B161A7A14D000E80854;
			productRefGroup = 18B23B201A7A14D000E80854 /* Products */;
			projectDirPath = "";
			projectRoot = "";
			targets = (
				18B23B1E1A7A14D000E80854 /* iOSStudy */,
				18B23B3A1A7A14D100E80854 /* iOSStudyTests */,
			);
		};
/* End PBXProject section */

/* Begin PBXResourcesBuildPhase section */
		18B23B1D1A7A14D000E80854 /* Resources */ = {
			isa = PBXResourcesBuildPhase;
			buildActionMask = 2147483647;
			files = (
				18CB712C1AD570B200D72204 /* PushConfig.plist in Resources */,
				18B23B311A7A14D100E80854 /* Main.storyboard in Resources */,
				185EEB501A98E0BA00BFDB79 /* tabbar_setting@2x.png in Resources */,
				18EC47D51AD7C62F00C397E5 /* anim_02.png in Resources */,
				18EC47AB1AD7949100C397E5 /* img_768x1024.png in Resources */,
				18EC47DD1AD7C62F00C397E5 /* anim_10.png in Resources */,
				18EC47E01AD7C62F00C397E5 /* anim_13.png in Resources */,
				18D2012D1A95A9D600D5F095 /* tabbar_video@3x.png in Resources */,
				18D201181A95A6F400D5F095 /* icon_58.png in Resources */,
				185EEB511A98E0BA00BFDB79 /* tabbar_setting@3x.png in Resources */,
				18E2796A1AD61AD50056CC5F /* iRate.bundle in Resources */,
				18EC47E51AD7C62F00C397E5 /* anim_18.png in Resources */,
				18EC47AC1AD7949100C397E5 /* img_1024x768.png in Resources */,
				18EC47B91AD7AE3200C397E5 /* welcome_bg.png in Resources */,
				18EC47DC1AD7C62F00C397E5 /* anim_09.png in Resources */,
				18D2011D1A95A6F400D5F095 /* icon_152.png in Resources */,
				18D201191A95A6F400D5F095 /* icon_76.png in Resources */,
				18EC47DA1AD7C62F00C397E5 /* anim_07.png in Resources */,
				18EC47B01AD7949100C397E5 /* img_2208x1242.png in Resources */,
				18D2011E1A95A6F400D5F095 /* icon_180.png in Resources */,
				18D2012B1A95A9D600D5F095 /* tabbar_video.png in Resources */,
				18EC47BA1AD7AE3200C397E5 /* welcome_icon.png in Resources */,
				18EC47E71AD7C62F00C397E5 /* anim_20.png in Resources */,
				18E279711AD62CD80056CC5F /* licenes.html in Resources */,
				185EEB4F1A98E0BA00BFDB79 /* tabbar_setting.png in Resources */,
				18EC47D81AD7C62F00C397E5 /* anim_05.png in Resources */,
				18EC47DB1AD7C62F00C397E5 /* anim_08.png in Resources */,
				18EC47AD1AD7949100C397E5 /* img_1242x2208.png in Resources */,
				18EC47E41AD7C62F00C397E5 /* anim_17.png in Resources */,
				18EC47D41AD7C62F00C397E5 /* anim_01.png in Resources */,
				18D201161A95A6F400D5F095 /* icon_29.png in Resources */,
				18EC47BE1AD7C22300C397E5 /* about_us.html in Resources */,
				18D2011B1A95A6F400D5F095 /* icon_87.png in Resources */,
				18EC47DF1AD7C62F00C397E5 /* anim_12.png in Resources */,
				18D2012E1A95A9D600D5F095 /* tabbar_web.png in Resources */,
				18E3600B1AD67BB500A077B2 /* STBaseTableViewCell.xib in Resources */,
				18EC47AE1AD7949100C397E5 /* img_1536x2048.png in Resources */,
				18EC47DE1AD7C62F00C397E5 /* anim_11.png in Resources */,
				18EC47D71AD7C62F00C397E5 /* anim_04.png in Resources */,
				18EC47D91AD7C62F00C397E5 /* anim_06.png in Resources */,
				18D201301A95A9D600D5F095 /* tabbar_web@3x.png in Resources */,
				18D2012C1A95A9D600D5F095 /* tabbar_video@2x.png in Resources */,
				18D2012F1A95A9D600D5F095 /* tabbar_web@2x.png in Resources */,
				18EC47AA1AD7949100C397E5 /* img_750x1334.png in Resources */,
				18D201171A95A6F400D5F095 /* icon_40.png in Resources */,
				18EC47E31AD7C62F00C397E5 /* anim_16.png in Resources */,
				18D2011C1A95A6F400D5F095 /* icon_120.png in Resources */,
				18EC47A91AD7949100C397E5 /* img_640x1136.png in Resources */,
				18EC47E21AD7C62F00C397E5 /* anim_15.png in Resources */,
				18D201221A95A70900D5F095 /* tabbar_blog.png in Resources */,
				18EC47A81AD7949100C397E5 /* img_640x960.png in Resources */,
				18D2011A1A95A6F400D5F095 /* icon_80.png in Resources */,
				18D201241A95A70900D5F095 /* tabbar_blog@3x.png in Resources */,
				18EC47E11AD7C62F00C397E5 /* anim_14.png in Resources */,
				18EC47AF1AD7949100C397E5 /* img_2048x1536.png in Resources */,
				18D201231A95A70900D5F095 /* tabbar_blog@2x.png in Resources */,
				18B23B331A7A14D100E80854 /* Images.xcassets in Resources */,
				18EC47E61AD7C62F00C397E5 /* anim_19.png in Resources */,
				18EC47D61AD7C62F00C397E5 /* anim_03.png in Resources */,
			);
			runOnlyForDeploymentPostprocessing = 0;
		};
		18B23B391A7A14D100E80854 /* Resources */ = {
			isa = PBXResourcesBuildPhase;
			buildActionMask = 2147483647;
			files = (
			);
			runOnlyForDeploymentPostprocessing = 0;
		};
/* End PBXResourcesBuildPhase section */

/* Begin PBXShellScriptBuildPhase section */
		2ACA4578B0EBE30E889C4283 /* Copy Pods Resources */ = {
			isa = PBXShellScriptBuildPhase;
			buildActionMask = 2147483647;
			files = (
			);
			inputPaths = (
			);
			name = "Copy Pods Resources";
			outputPaths = (
			);
			runOnlyForDeploymentPostprocessing = 0;
			shellPath = /bin/sh;
			shellScript = "\"${SRCROOT}/Pods/Target Support Files/Pods/Pods-resources.sh\"\n";
			showEnvVarsInLog = 0;
		};
		74FAA3BA176AE89704921297 /* Check Pods Manifest.lock */ = {
			isa = PBXShellScriptBuildPhase;
			buildActionMask = 2147483647;
			files = (
			);
			inputPaths = (
			);
			name = "Check Pods Manifest.lock";
			outputPaths = (
			);
			runOnlyForDeploymentPostprocessing = 0;
			shellPath = /bin/sh;
			shellScript = "diff \"${PODS_ROOT}/../Podfile.lock\" \"${PODS_ROOT}/Manifest.lock\" > /dev/null\nif [[ $? != 0 ]] ; then\n    cat << EOM\nerror: The sandbox is not in sync with the Podfile.lock. Run 'pod install' or update your CocoaPods installation.\nEOM\n    exit 1\nfi\n";
			showEnvVarsInLog = 0;
		};
/* End PBXShellScriptBuildPhase section */

/* Begin PBXSourcesBuildPhase section */
		18B23B1B1A7A14D000E80854 /* Sources */ = {
			isa = PBXSourcesBuildPhase;
			buildActionMask = 2147483647;
			files = (
				18E016E51ACAAB35002A6E59 /* iOSStudy.xcdatamodeld in Sources */,
				18B23B2E1A7A14D100E80854 /* WebViewController.m in Sources */,
				18E3600A1AD67BB500A077B2 /* STBaseTableViewCell.m in Sources */,
				18B23B4D1A7A234800E80854 /* BaseViewController.m in Sources */,
				18E2796B1AD61AD50056CC5F /* iRate.m in Sources */,
				18A998931A7C77D0002E7219 /* NetWorkTools.m in Sources */,
				18E2796E1AD6206F0056CC5F /* LicenesViewController.m in Sources */,
				18D908A71A8A205600B42A42 /* VideoTableViewController.m in Sources */,
				18C8450C1ACD41C40053884F /* BlogJsonBean.m in Sources */,
				18AB479B1A9C59CB00E4C030 /* UIImage+Resize.m in Sources */,
				18D201421A96143300D5F095 /* VideoViewControllerViewModel.m in Sources */,
				18AB47951A99969600E4C030 /* VideoBean.m in Sources */,
				18CECC0A1A91ACB7005598E4 /* BlogViewControllerViewModel.m in Sources */,
				189EF8361A839FC600F19327 /* JsonTools.m in Sources */,
				18D4ECA61AD17F56009FE9F0 /* EntityConstants.m in Sources */,
				18C845091ACCFC690053884F /* HttpVersionTools.m in Sources */,
				18E6A0B51ACCF7FD00B28D32 /* VersionBean.m in Sources */,
				18DF6D3D1A80D3BC005751E8 /* Reachability.m in Sources */,
				18B23B281A7A14D100E80854 /* AppDelegate.m in Sources */,
				184F48AF1A93321700C5C22F /* WebViewControllerViewModel.m in Sources */,
				18EC479E1AD773A200C397E5 /* WelcomeTools.m in Sources */,
				18D184821AD28D1900188C3C /* FavouriteTableViewController.m in Sources */,
				18B23B2B1A7A14D100E80854 /* BlogViewController.m in Sources */,
				189EF83A1A83C3AF00F19327 /* BlogDetailViewController.m in Sources */,
				185EEB4B1A98DC9900BFDB79 /* SettingTableViewController.m in Sources */,
				187E96991AD6BED500D164FA /* NotificationCenterConstants.m in Sources */,
				18C845121ACE4A580053884F /* WelcomeViewController.m in Sources */,
				18B23B251A7A14D100E80854 /* main.m in Sources */,
				18AB47AB1AA415A400E4C030 /* FavouriteBean.m in Sources */,
				184F48B41A93340F00C5C22F /* WebBean.m in Sources */,
				18C845151ACE56150053884F /* MainTabBarViewController.m in Sources */,
				18C8450F1ACE3E580053884F /* CoreDataUtils.m in Sources */,
				189EF8331A8399B100F19327 /* BlogBean.m in Sources */,
				18D184851AD2904900188C3C /* FavouriteViewControllerViewModel.m in Sources */,
			);
			runOnlyForDeploymentPostprocessing = 0;
		};
		18B23B371A7A14D100E80854 /* Sources */ = {
			isa = PBXSourcesBuildPhase;
			buildActionMask = 2147483647;
			files = (
				18B23B421A7A14D100E80854 /* iOSStudyTests.m in Sources */,
			);
			runOnlyForDeploymentPostprocessing = 0;
		};
/* End PBXSourcesBuildPhase section */

/* Begin PBXTargetDependency section */
		18B23B3D1A7A14D100E80854 /* PBXTargetDependency */ = {
			isa = PBXTargetDependency;
			target = 18B23B1E1A7A14D000E80854 /* iOSStudy */;
			targetProxy = 18B23B3C1A7A14D100E80854 /* PBXContainerItemProxy */;
		};
/* End PBXTargetDependency section */

/* Begin PBXVariantGroup section */
		18B23B2F1A7A14D100E80854 /* Main.storyboard */ = {
			isa = PBXVariantGroup;
			children = (
				18B23B301A7A14D100E80854 /* Base */,
			);
			name = Main.storyboard;
			sourceTree = "<group>";
		};
/* End PBXVariantGroup section */

/* Begin XCBuildConfiguration section */
		18B23B431A7A14D100E80854 /* Debug */ = {
			isa = XCBuildConfiguration;
			buildSettings = {
				ALWAYS_SEARCH_USER_PATHS = NO;
				CLANG_CXX_LANGUAGE_STANDARD = "gnu++0x";
				CLANG_CXX_LIBRARY = "libc++";
				CLANG_ENABLE_MODULES = YES;
				CLANG_ENABLE_OBJC_ARC = YES;
				CLANG_WARN_BOOL_CONVERSION = YES;
				CLANG_WARN_CONSTANT_CONVERSION = YES;
				CLANG_WARN_DIRECT_OBJC_ISA_USAGE = YES_ERROR;
				CLANG_WARN_EMPTY_BODY = YES;
				CLANG_WARN_ENUM_CONVERSION = YES;
				CLANG_WARN_INT_CONVERSION = YES;
				CLANG_WARN_OBJC_ROOT_CLASS = YES_ERROR;
				CLANG_WARN_UNREACHABLE_CODE = YES;
				CLANG_WARN__DUPLICATE_METHOD_MATCH = YES;
				"CODE_SIGN_IDENTITY[sdk=iphoneos*]" = "iPhone Developer";
				COPY_PHASE_STRIP = NO;
				ENABLE_STRICT_OBJC_MSGSEND = YES;
				GCC_C_LANGUAGE_STANDARD = gnu99;
				GCC_DYNAMIC_NO_PIC = NO;
				GCC_OPTIMIZATION_LEVEL = 0;
				GCC_PRECOMPILE_PREFIX_HEADER = YES;
				GCC_PREPROCESSOR_DEFINITIONS = (
					"DEBUG=1",
					"$(inherited)",
				);
				GCC_SYMBOLS_PRIVATE_EXTERN = NO;
				GCC_WARN_64_TO_32_BIT_CONVERSION = YES;
				GCC_WARN_ABOUT_RETURN_TYPE = YES_ERROR;
				GCC_WARN_UNDECLARED_SELECTOR = YES;
				GCC_WARN_UNINITIALIZED_AUTOS = YES_AGGRESSIVE;
				GCC_WARN_UNUSED_FUNCTION = YES;
				GCC_WARN_UNUSED_VARIABLE = YES;
				IPHONEOS_DEPLOYMENT_TARGET = 8.1;
				MTL_ENABLE_DEBUG_INFO = YES;
				ONLY_ACTIVE_ARCH = YES;
				SDKROOT = iphoneos;
				TARGETED_DEVICE_FAMILY = "1,2";
			};
			name = Debug;
		};
		18B23B441A7A14D100E80854 /* Release */ = {
			isa = XCBuildConfiguration;
			buildSettings = {
				ALWAYS_SEARCH_USER_PATHS = NO;
				CLANG_CXX_LANGUAGE_STANDARD = "gnu++0x";
				CLANG_CXX_LIBRARY = "libc++";
				CLANG_ENABLE_MODULES = YES;
				CLANG_ENABLE_OBJC_ARC = YES;
				CLANG_WARN_BOOL_CONVERSION = YES;
				CLANG_WARN_CONSTANT_CONVERSION = YES;
				CLANG_WARN_DIRECT_OBJC_ISA_USAGE = YES_ERROR;
				CLANG_WARN_EMPTY_BODY = YES;
				CLANG_WARN_ENUM_CONVERSION = YES;
				CLANG_WARN_INT_CONVERSION = YES;
				CLANG_WARN_OBJC_ROOT_CLASS = YES_ERROR;
				CLANG_WARN_UNREACHABLE_CODE = YES;
				CLANG_WARN__DUPLICATE_METHOD_MATCH = YES;
				"CODE_SIGN_IDENTITY[sdk=iphoneos*]" = "iPhone Developer";
				COPY_PHASE_STRIP = YES;
				ENABLE_NS_ASSERTIONS = NO;
				ENABLE_STRICT_OBJC_MSGSEND = YES;
				GCC_C_LANGUAGE_STANDARD = gnu99;
				GCC_PRECOMPILE_PREFIX_HEADER = YES;
				GCC_WARN_64_TO_32_BIT_CONVERSION = YES;
				GCC_WARN_ABOUT_RETURN_TYPE = YES_ERROR;
				GCC_WARN_UNDECLARED_SELECTOR = YES;
				GCC_WARN_UNINITIALIZED_AUTOS = YES_AGGRESSIVE;
				GCC_WARN_UNUSED_FUNCTION = YES;
				GCC_WARN_UNUSED_VARIABLE = YES;
				IPHONEOS_DEPLOYMENT_TARGET = 8.1;
				MTL_ENABLE_DEBUG_INFO = NO;
				SDKROOT = iphoneos;
				TARGETED_DEVICE_FAMILY = "1,2";
				VALIDATE_PRODUCT = YES;
			};
			name = Release;
		};
		18B23B461A7A14D100E80854 /* Debug */ = {
			isa = XCBuildConfiguration;
			baseConfigurationReference = 05EB633B553B549AA5102110 /* Pods.debug.xcconfig */;
			buildSettings = {
				ASSETCATALOG_COMPILER_APPICON_NAME = AppIcon;
				ASSETCATALOG_COMPILER_LAUNCHIMAGE_NAME = LaunchImage;
				HEADER_SEARCH_PATHS = (
					"\"${PODS_ROOT}/Headers/Public\"",
					"\"${PODS_ROOT}/Headers/Public/AFNetworking\"",
					"\"${PODS_ROOT}/Headers/Public/FMDB\"",
					"\"${PODS_ROOT}/Headers/Public/MJRefresh\"",
					"\"${PODS_ROOT}/Headers/Public/Mantle\"",
					"\"${PODS_ROOT}/Headers/Public/NJKWebViewProgress\"",
					"\"${PODS_ROOT}/Headers/Public/SDWebImage\"",
					"\"${PODS_ROOT}/Headers/Public/SVProgressHUD\"",
					"\"${PODS_ROOT}/Headers/Public/SVWebViewController\"",
					"\"${PODS_ROOT}/Headers/Public/SWTableViewCell\"",
				);
				INFOPLIST_FILE = iOSStudy/Info.plist;
				IPHONEOS_DEPLOYMENT_TARGET = 7.0;
				LD_RUNPATH_SEARCH_PATHS = "$(inherited) @executable_path/Frameworks";
				LIBRARY_SEARCH_PATHS = (
					"$(inherited)",
					"$(PROJECT_DIR)",
				);
				PRODUCT_NAME = "$(TARGET_NAME)";
				TARGETED_DEVICE_FAMILY = "1,2";
			};
			name = Debug;
		};
		18B23B471A7A14D100E80854 /* Release */ = {
			isa = XCBuildConfiguration;
			baseConfigurationReference = 2E2CC00A58FD0A745C574BAD /* Pods.release.xcconfig */;
			buildSettings = {
				ASSETCATALOG_COMPILER_APPICON_NAME = AppIcon;
				ASSETCATALOG_COMPILER_LAUNCHIMAGE_NAME = LaunchImage;
				HEADER_SEARCH_PATHS = (
					"\"${PODS_ROOT}/Headers/Public\"",
					"\"${PODS_ROOT}/Headers/Public/AFNetworking\"",
					"\"${PODS_ROOT}/Headers/Public/FMDB\"",
					"\"${PODS_ROOT}/Headers/Public/MJRefresh\"",
					"\"${PODS_ROOT}/Headers/Public/Mantle\"",
					"\"${PODS_ROOT}/Headers/Public/NJKWebViewProgress\"",
					"\"${PODS_ROOT}/Headers/Public/SDWebImage\"",
					"\"${PODS_ROOT}/Headers/Public/SVProgressHUD\"",
					"\"${PODS_ROOT}/Headers/Public/SVWebViewController\"",
					"\"${PODS_ROOT}/Headers/Public/SWTableViewCell\"",
				);
				INFOPLIST_FILE = iOSStudy/Info.plist;
				IPHONEOS_DEPLOYMENT_TARGET = 7.0;
				LD_RUNPATH_SEARCH_PATHS = "$(inherited) @executable_path/Frameworks";
				LIBRARY_SEARCH_PATHS = (
					"$(inherited)",
					"$(PROJECT_DIR)",
				);
				PRODUCT_NAME = "$(TARGET_NAME)";
				TARGETED_DEVICE_FAMILY = "1,2";
			};
			name = Release;
		};
		18B23B491A7A14D100E80854 /* Debug */ = {
			isa = XCBuildConfiguration;
			buildSettings = {
				BUNDLE_LOADER = "$(TEST_HOST)";
				FRAMEWORK_SEARCH_PATHS = (
					"$(SDKROOT)/Developer/Library/Frameworks",
					"$(inherited)",
				);
				GCC_PREPROCESSOR_DEFINITIONS = (
					"DEBUG=1",
					"$(inherited)",
				);
				INFOPLIST_FILE = iOSStudyTests/Info.plist;
				LD_RUNPATH_SEARCH_PATHS = "$(inherited) @executable_path/Frameworks @loader_path/Frameworks";
				PRODUCT_NAME = "$(TARGET_NAME)";
				TEST_HOST = "$(BUILT_PRODUCTS_DIR)/iOSStudy.app/iOSStudy";
			};
			name = Debug;
		};
		18B23B4A1A7A14D100E80854 /* Release */ = {
			isa = XCBuildConfiguration;
			buildSettings = {
				BUNDLE_LOADER = "$(TEST_HOST)";
				FRAMEWORK_SEARCH_PATHS = (
					"$(SDKROOT)/Developer/Library/Frameworks",
					"$(inherited)",
				);
				INFOPLIST_FILE = iOSStudyTests/Info.plist;
				LD_RUNPATH_SEARCH_PATHS = "$(inherited) @executable_path/Frameworks @loader_path/Frameworks";
				PRODUCT_NAME = "$(TARGET_NAME)";
				TEST_HOST = "$(BUILT_PRODUCTS_DIR)/iOSStudy.app/iOSStudy";
			};
			name = Release;
		};
/* End XCBuildConfiguration section */

/* Begin XCConfigurationList section */
		18B23B1A1A7A14D000E80854 /* Build configuration list for PBXProject "iOSStudy" */ = {
			isa = XCConfigurationList;
			buildConfigurations = (
				18B23B431A7A14D100E80854 /* Debug */,
				18B23B441A7A14D100E80854 /* Release */,
			);
			defaultConfigurationIsVisible = 0;
			defaultConfigurationName = Release;
		};
		18B23B451A7A14D100E80854 /* Build configuration list for PBXNativeTarget "iOSStudy" */ = {
			isa = XCConfigurationList;
			buildConfigurations = (
				18B23B461A7A14D100E80854 /* Debug */,
				18B23B471A7A14D100E80854 /* Release */,
			);
			defaultConfigurationIsVisible = 0;
			defaultConfigurationName = Release;
		};
		18B23B481A7A14D100E80854 /* Build configuration list for PBXNativeTarget "iOSStudyTests" */ = {
			isa = XCConfigurationList;
			buildConfigurations = (
				18B23B491A7A14D100E80854 /* Debug */,
				18B23B4A1A7A14D100E80854 /* Release */,
			);
			defaultConfigurationIsVisible = 0;
			defaultConfigurationName = Release;
		};
/* End XCConfigurationList section */

/* Begin XCVersionGroup section */
		18E016E31ACAAB35002A6E59 /* iOSStudy.xcdatamodeld */ = {
			isa = XCVersionGroup;
			children = (
				18E016E41ACAAB35002A6E59 /* iOSStudy.xcdatamodel */,
			);
			currentVersion = 18E016E41ACAAB35002A6E59 /* iOSStudy.xcdatamodel */;
			path = iOSStudy.xcdatamodeld;
			sourceTree = "<group>";
			versionGroupType = wrapper.xcdatamodel;
		};
/* End XCVersionGroup section */
	};
	rootObject = 18B23B171A7A14D000E80854 /* Project object */;
}
